
Microsoft Visual Studio Solution File, Format Version 12.00
# Visual Studio Version 17
VisualStudioVersion = 17.3.32929.385
MinimumVisualStudioVersion = 10.0.40219.1
Project("{9A19103F-16F7-4668-BE54-9A1E7A4F7556}") = "ES.Labs.Api", "ES.Labs.Api\ES.Labs.Api.csproj", "{81FD6746-1AD2-43F0-A893-49FBD10B44F0}"
EndProject
Project("{9A19103F-16F7-4668-BE54-9A1E7A4F7556}") = "ES.Labs.Consumer", "ES.Labs.Consumer\ES.Labs.Consumer.csproj", "{F8F586D5-782D-48C5-984B-6C9FFD9E5E60}"
EndProject
Project("{9A19103F-16F7-4668-BE54-9A1E7A4F7556}") = "ES.Labs.Domain", "ES.Labs.Domain\ES.Labs.Domain.csproj", "{AB19BF53-449B-4EE4-BE2B-8989750914CC}"
EndProject
Project("{9A19103F-16F7-4668-BE54-9A1E7A4F7556}") = "ActiveMqConsumer", "ActiveMqConsumer\ActiveMqConsumer.csproj", "{D91A03C4-3D55-4046-BA25-A2076364AF62}"
EndProject
Project("{9A19103F-16F7-4668-BE54-9A1E7A4F7556}") = "ES.Labs.RetailRhythmRadar", "ES.Labs.RetailRhythmRadar\ES.Labs.RetailRhythmRadar.csproj", "{018B133C-9AE4-45A1-AE4D-490044F86AC4}"
EndProject
Project("{9A19103F-16F7-4668-BE54-9A1E7A4F7556}") = "Common", "Common\Common.csproj", "{3707D6E4-3B98-407A-89BF-F3CB49E42C68}"
EndProject
Project("{9A19103F-16F7-4668-BE54-9A1E7A4F7556}") = "EventSourcing", "EventSourcing\EventSourcing.csproj", "{04957EBA-C695-4093-B296-B60F5E6B527D}"
EndProject
Project("{9A19103F-16F7-4668-BE54-9A1E7A4F7556}") = "EventSourcing.EventStoreDB", "EventSourcing.EventStoreDB\EventSourcing.EventStoreDB.csproj", "{5E50191E-8411-4F62-B8D4-CEB956E1F85D}"
EndProject
Project("{9A19103F-16F7-4668-BE54-9A1E7A4F7556}") = "ES.Labs.RetailRhythmRadar.FunctionalTests", "ES.Labs.RetailRhythmRadar.FunctionalTests\ES.Labs.RetailRhythmRadar.FunctionalTests.csproj", "{C1A7C34B-7C74-44CE-9157-5F1BF521276F}"
EndProject
Project("{2150E333-8FDC-42A3-9474-1A3956D46DE8}") = "Tests", "Tests", "{D0F5D326-2AB5-44C4-8C43-B06C54ACCC4B}"
EndProject
Project("{9A19103F-16F7-4668-BE54-9A1E7A4F7556}") = "TestHelpers", "TestHelpers\TestHelpers.csproj", "{4E0ACF61-AA9E-4C60-8427-60B96CCE8E82}"
EndProject
Project("{9A19103F-16F7-4668-BE54-9A1E7A4F7556}") = "ES.Labs.SimulationMonkey", "ES.Labs.SimulationMonkey\ES.Labs.SimulationMonkey.csproj", "{63451738-637C-4C0B-9955-51205DC95C4D}"
EndProject
Project("{2150E333-8FDC-42A3-9474-1A3956D46DE8}") = "CommonStuff", "CommonStuff", "{CBB8EB93-AF03-40BE-8193-9F7C04EB6617}"
EndProject
Global
	GlobalSection(SolutionConfigurationPlatforms) = preSolution
		Debug|Any CPU = Debug|Any CPU
		Release|Any CPU = Release|Any CPU
	EndGlobalSection
	GlobalSection(ProjectConfigurationPlatforms) = postSolution
		{81FD6746-1AD2-43F0-A893-49FBD10B44F0}.Debug|Any CPU.ActiveCfg = Debug|Any CPU
		{81FD6746-1AD2-43F0-A893-49FBD10B44F0}.Debug|Any CPU.Build.0 = Debug|Any CPU
		{81FD6746-1AD2-43F0-A893-49FBD10B44F0}.Release|Any CPU.ActiveCfg = Release|Any CPU
		{81FD6746-1AD2-43F0-A893-49FBD10B44F0}.Release|Any CPU.Build.0 = Release|Any CPU
		{F8F586D5-782D-48C5-984B-6C9FFD9E5E60}.Debug|Any CPU.ActiveCfg = Debug|Any CPU
		{F8F586D5-782D-48C5-984B-6C9FFD9E5E60}.Debug|Any CPU.Build.0 = Debug|Any CPU
		{F8F586D5-782D-48C5-984B-6C9FFD9E5E60}.Release|Any CPU.ActiveCfg = Release|Any CPU
		{F8F586D5-782D-48C5-984B-6C9FFD9E5E60}.Release|Any CPU.Build.0 = Release|Any CPU
		{AB19BF53-449B-4EE4-BE2B-8989750914CC}.Debug|Any CPU.ActiveCfg = Debug|Any CPU
		{AB19BF53-449B-4EE4-BE2B-8989750914CC}.Debug|Any CPU.Build.0 = Debug|Any CPU
		{AB19BF53-449B-4EE4-BE2B-8989750914CC}.Release|Any CPU.ActiveCfg = Release|Any CPU
		{AB19BF53-449B-4EE4-BE2B-8989750914CC}.Release|Any CPU.Build.0 = Release|Any CPU
		{D91A03C4-3D55-4046-BA25-A2076364AF62}.Debug|Any CPU.ActiveCfg = Debug|Any CPU
		{D91A03C4-3D55-4046-BA25-A2076364AF62}.Debug|Any CPU.Build.0 = Debug|Any CPU
		{D91A03C4-3D55-4046-BA25-A2076364AF62}.Release|Any CPU.ActiveCfg = Release|Any CPU
		{D91A03C4-3D55-4046-BA25-A2076364AF62}.Release|Any CPU.Build.0 = Release|Any CPU
		{018B133C-9AE4-45A1-AE4D-490044F86AC4}.Debug|Any CPU.ActiveCfg = Debug|Any CPU
		{018B133C-9AE4-45A1-AE4D-490044F86AC4}.Debug|Any CPU.Build.0 = Debug|Any CPU
		{018B133C-9AE4-45A1-AE4D-490044F86AC4}.Release|Any CPU.ActiveCfg = Release|Any CPU
		{018B133C-9AE4-45A1-AE4D-490044F86AC4}.Release|Any CPU.Build.0 = Release|Any CPU
		{3707D6E4-3B98-407A-89BF-F3CB49E42C68}.Debug|Any CPU.ActiveCfg = Debug|Any CPU
		{3707D6E4-3B98-407A-89BF-F3CB49E42C68}.Debug|Any CPU.Build.0 = Debug|Any CPU
		{3707D6E4-3B98-407A-89BF-F3CB49E42C68}.Release|Any CPU.ActiveCfg = Release|Any CPU
		{3707D6E4-3B98-407A-89BF-F3CB49E42C68}.Release|Any CPU.Build.0 = Release|Any CPU
		{04957EBA-C695-4093-B296-B60F5E6B527D}.Debug|Any CPU.ActiveCfg = Debug|Any CPU
		{04957EBA-C695-4093-B296-B60F5E6B527D}.Debug|Any CPU.Build.0 = Debug|Any CPU
		{04957EBA-C695-4093-B296-B60F5E6B527D}.Release|Any CPU.ActiveCfg = Release|Any CPU
		{04957EBA-C695-4093-B296-B60F5E6B527D}.Release|Any CPU.Build.0 = Release|Any CPU
		{5E50191E-8411-4F62-B8D4-CEB956E1F85D}.Debug|Any CPU.ActiveCfg = Debug|Any CPU
		{5E50191E-8411-4F62-B8D4-CEB956E1F85D}.Debug|Any CPU.Build.0 = Debug|Any CPU
		{5E50191E-8411-4F62-B8D4-CEB956E1F85D}.Release|Any CPU.ActiveCfg = Release|Any CPU
		{5E50191E-8411-4F62-B8D4-CEB956E1F85D}.Release|Any CPU.Build.0 = Release|Any CPU
		{C1A7C34B-7C74-44CE-9157-5F1BF521276F}.Debug|Any CPU.ActiveCfg = Debug|Any CPU
		{C1A7C34B-7C74-44CE-9157-5F1BF521276F}.Debug|Any CPU.Build.0 = Debug|Any CPU
		{C1A7C34B-7C74-44CE-9157-5F1BF521276F}.Release|Any CPU.ActiveCfg = Release|Any CPU
		{C1A7C34B-7C74-44CE-9157-5F1BF521276F}.Release|Any CPU.Build.0 = Release|Any CPU
		{4E0ACF61-AA9E-4C60-8427-60B96CCE8E82}.Debug|Any CPU.ActiveCfg = Debug|Any CPU
		{4E0ACF61-AA9E-4C60-8427-60B96CCE8E82}.Debug|Any CPU.Build.0 = Debug|Any CPU
		{4E0ACF61-AA9E-4C60-8427-60B96CCE8E82}.Release|Any CPU.ActiveCfg = Release|Any CPU
		{4E0ACF61-AA9E-4C60-8427-60B96CCE8E82}.Release|Any CPU.Build.0 = Release|Any CPU
		{63451738-637C-4C0B-9955-51205DC95C4D}.Debug|Any CPU.ActiveCfg = Debug|Any CPU
		{63451738-637C-4C0B-9955-51205DC95C4D}.Debug|Any CPU.Build.0 = Debug|Any CPU
		{63451738-637C-4C0B-9955-51205DC95C4D}.Release|Any CPU.ActiveCfg = Release|Any CPU
		{63451738-637C-4C0B-9955-51205DC95C4D}.Release|Any CPU.Build.0 = Release|Any CPU
	EndGlobalSection
	GlobalSection(SolutionProperties) = preSolution
		HideSolutionNode = FALSE
	EndGlobalSection
	GlobalSection(NestedProjects) = preSolution
		{3707D6E4-3B98-407A-89BF-F3CB49E42C68} = {CBB8EB93-AF03-40BE-8193-9F7C04EB6617}
		{04957EBA-C695-4093-B296-B60F5E6B527D} = {CBB8EB93-AF03-40BE-8193-9F7C04EB6617}
		{5E50191E-8411-4F62-B8D4-CEB956E1F85D} = {CBB8EB93-AF03-40BE-8193-9F7C04EB6617}
		{C1A7C34B-7C74-44CE-9157-5F1BF521276F} = {D0F5D326-2AB5-44C4-8C43-B06C54ACCC4B}
		{4E0ACF61-AA9E-4C60-8427-60B96CCE8E82} = {D0F5D326-2AB5-44C4-8C43-B06C54ACCC4B}
	EndGlobalSection
	GlobalSection(ExtensibilityGlobals) = postSolution
		SolutionGuid = {1F446A79-1FC9-4490-AE8D-FB12805C291B}
	EndGlobalSection
EndGlobal
