
Microsoft Visual Studio Solution File, Format Version 12.00
# Visual Studio Version 17
VisualStudioVersion = 17.6.33801.468
MinimumVisualStudioVersion = 10.0.40219.1
Project("{9A19103F-16F7-4668-BE54-9A1E7A4F7556}") = "playsomething", "playsomething.csproj", "{C5C7E7B5-5ED3-4AAB-A06B-D04ACB12DA03}"
EndProject
Global
	GlobalSection(SolutionConfigurationPlatforms) = preSolution
		Debug|Any CPU = Debug|Any CPU
		Release|Any CPU = Release|Any CPU
	EndGlobalSection
	GlobalSection(ProjectConfigurationPlatforms) = postSolution
		{C5C7E7B5-5ED3-4AAB-A06B-D04ACB12DA03}.Debug|Any CPU.ActiveCfg = Debug|Any CPU
		{C5C7E7B5-5ED3-4AAB-A06B-D04ACB12DA03}.Debug|Any CPU.Build.0 = Debug|Any CPU
		{C5C7E7B5-5ED3-4AAB-A06B-D04ACB12DA03}.Release|Any CPU.ActiveCfg = Release|Any CPU
		{C5C7E7B5-5ED3-4AAB-A06B-D04ACB12DA03}.Release|Any CPU.Build.0 = Release|Any CPU
	EndGlobalSection
	GlobalSection(SolutionProperties) = preSolution
		HideSolutionNode = FALSE
	EndGlobalSection
	GlobalSection(ExtensibilityGlobals) = postSolution
		SolutionGuid = {65BD5506-E29D-4174-AF89-7CB2CC963301}
	EndGlobalSection
EndGlobal
