
Microsoft Visual Studio Solution File, Format Version 12.00
# Visual Studio Version 17
VisualStudioVersion = 17.8.34309.116
MinimumVisualStudioVersion = 10.0.40219.1
Project("{9A19103F-16F7-4668-BE54-9A1E7A4F7556}") = "json", "json\json.csproj", "{8EBD3168-9E55-4284-AE2B-C1651407118D}"
EndProject
Global
	GlobalSection(SolutionConfigurationPlatforms) = preSolution
		Debug|Any CPU = Debug|Any CPU
		Release|Any CPU = Release|Any CPU
	EndGlobalSection
	GlobalSection(ProjectConfigurationPlatforms) = postSolution
		{8EBD3168-9E55-4284-AE2B-C1651407118D}.Debug|Any CPU.ActiveCfg = Debug|Any CPU
		{8EBD3168-9E55-4284-AE2B-C1651407118D}.Debug|Any CPU.Build.0 = Debug|Any CPU
		{8EBD3168-9E55-4284-AE2B-C1651407118D}.Release|Any CPU.ActiveCfg = Release|Any CPU
		{8EBD3168-9E55-4284-AE2B-C1651407118D}.Release|Any CPU.Build.0 = Release|Any CPU
	EndGlobalSection
	GlobalSection(SolutionProperties) = preSolution
		HideSolutionNode = FALSE
	EndGlobalSection
	GlobalSection(ExtensibilityGlobals) = postSolution
		SolutionGuid = {5F90AFF0-D3C4-420F-B641-125F96EABD92}
	EndGlobalSection
EndGlobal
